
Microsoft Visual Studio Solution File, Format Version 12.00
# Visual Studio Version 17
VisualStudioVersion = 17.3.32901.215
MinimumVisualStudioVersion = 10.0.40219.1
Project("{9A19103F-16F7-4668-BE54-9A1E7A4F7556}") = "EmployeeManagement.PresentationLayer", "EmployeeManagement.PresentationLayer\EmployeeManagement.PresentationLayer.csproj", "{1FE4AB2A-BB5B-4900-9BA0-2420AE833073}"
EndProject
Project("{FAE04EC0-301F-11D3-BF4B-00C04F79EFBC}") = "EmployeeManagement.DataAccessLayer", "EmployeeManagement.DataAccessLayer\EmployeeManagement.DataAccessLayer.csproj", "{0F2F5965-0FDA-4227-86C7-2DD9F3C45E58}"
EndProject
Project("{FAE04EC0-301F-11D3-BF4B-00C04F79EFBC}") = "EmployeeManagement.Entities", "EmployeeManagement.Entities\EmployeeManagement.Entities.csproj", "{F538E139-70D5-494B-BC5B-9C5412946FE4}"
EndProject
Project("{FAE04EC0-301F-11D3-BF4B-00C04F79EFBC}") = "EmployeeManagement.CustomExceptions", "EmployeeManagement.CustomExceptions\EmployeeManagement.CustomExceptions.csproj", "{95E8B9D3-A18A-4D26-94FB-641961065A47}"
EndProject
Project("{FAE04EC0-301F-11D3-BF4B-00C04F79EFBC}") = "EmployeeManagement.BusinessLogicLayer", "EmployeeManagement.BusinessLogicLayer\EmployeeManagement.BusinessLogicLayer.csproj", "{AA5C37AB-47A6-489B-82E1-DD4F54ABEFDE}"
EndProject
Global
	GlobalSection(SolutionConfigurationPlatforms) = preSolution
		Debug|Any CPU = Debug|Any CPU
		Release|Any CPU = Release|Any CPU
	EndGlobalSection
	GlobalSection(ProjectConfigurationPlatforms) = postSolution
		{1FE4AB2A-BB5B-4900-9BA0-2420AE833073}.Debug|Any CPU.ActiveCfg = Debug|Any CPU
		{1FE4AB2A-BB5B-4900-9BA0-2420AE833073}.Debug|Any CPU.Build.0 = Debug|Any CPU
		{1FE4AB2A-BB5B-4900-9BA0-2420AE833073}.Release|Any CPU.ActiveCfg = Release|Any CPU
		{1FE4AB2A-BB5B-4900-9BA0-2420AE833073}.Release|Any CPU.Build.0 = Release|Any CPU
		{0F2F5965-0FDA-4227-86C7-2DD9F3C45E58}.Debug|Any CPU.ActiveCfg = Debug|Any CPU
		{0F2F5965-0FDA-4227-86C7-2DD9F3C45E58}.Debug|Any CPU.Build.0 = Debug|Any CPU
		{0F2F5965-0FDA-4227-86C7-2DD9F3C45E58}.Release|Any CPU.ActiveCfg = Release|Any CPU
		{0F2F5965-0FDA-4227-86C7-2DD9F3C45E58}.Release|Any CPU.Build.0 = Release|Any CPU
		{F538E139-70D5-494B-BC5B-9C5412946FE4}.Debug|Any CPU.ActiveCfg = Debug|Any CPU
		{F538E139-70D5-494B-BC5B-9C5412946FE4}.Debug|Any CPU.Build.0 = Debug|Any CPU
		{F538E139-70D5-494B-BC5B-9C5412946FE4}.Release|Any CPU.ActiveCfg = Release|Any CPU
		{F538E139-70D5-494B-BC5B-9C5412946FE4}.Release|Any CPU.Build.0 = Release|Any CPU
		{95E8B9D3-A18A-4D26-94FB-641961065A47}.Debug|Any CPU.ActiveCfg = Debug|Any CPU
		{95E8B9D3-A18A-4D26-94FB-641961065A47}.Debug|Any CPU.Build.0 = Debug|Any CPU
		{95E8B9D3-A18A-4D26-94FB-641961065A47}.Release|Any CPU.ActiveCfg = Release|Any CPU
		{95E8B9D3-A18A-4D26-94FB-641961065A47}.Release|Any CPU.Build.0 = Release|Any CPU
		{AA5C37AB-47A6-489B-82E1-DD4F54ABEFDE}.Debug|Any CPU.ActiveCfg = Debug|Any CPU
		{AA5C37AB-47A6-489B-82E1-DD4F54ABEFDE}.Debug|Any CPU.Build.0 = Debug|Any CPU
		{AA5C37AB-47A6-489B-82E1-DD4F54ABEFDE}.Release|Any CPU.ActiveCfg = Release|Any CPU
		{AA5C37AB-47A6-489B-82E1-DD4F54ABEFDE}.Release|Any CPU.Build.0 = Release|Any CPU
	EndGlobalSection
	GlobalSection(SolutionProperties) = preSolution
		HideSolutionNode = FALSE
	EndGlobalSection
	GlobalSection(ExtensibilityGlobals) = postSolution
		SolutionGuid = {B82FF8AE-386A-4B51-8D75-14BC474BF5CC}
	EndGlobalSection
EndGlobal
